# This file is automatically @generated by Cargo.
# It is not intended for manual editing.
version = 4

[[package]]
name = "nervros-cli"
version = "0.1.0"

[[package]]
name = "nervros-core"
version = "0.1.0"

[[package]]
name = "nervros-gui"
version = "0.1.0"

[[package]]
name = "nervros-ros"
version = "0.1.0"

[[package]]
name = "nervros-viz"
version = "0.1.0"

[[package]]
name = "rosidl-schema"
version = "0.1.0"
